
Microsoft Visual Studio Solution File, Format Version 12.00
# Visual Studio 15
VisualStudioVersion = 15.0.27130.2036
MinimumVisualStudioVersion = 10.0.40219.1
Project("{FAE04EC0-301F-11D3-BF4B-00C04F79EFBC}") = "bgt_lsb", "bgt_lsb\bgt_lsb.csproj", "{C5350C75-66B3-4F0C-B0A0-863FFFD7BDA4}"
EndProject
Global
	GlobalSection(SolutionConfigurationPlatforms) = preSolution
		Debug|Any CPU = Debug|Any CPU
		Release|Any CPU = Release|Any CPU
	EndGlobalSection
	GlobalSection(ProjectConfigurationPlatforms) = postSolution
		{C5350C75-66B3-4F0C-B0A0-863FFFD7BDA4}.Debug|Any CPU.ActiveCfg = Debug|Any CPU
		{C5350C75-66B3-4F0C-B0A0-863FFFD7BDA4}.Debug|Any CPU.Build.0 = Debug|Any CPU
		{C5350C75-66B3-4F0C-B0A0-863FFFD7BDA4}.Release|Any CPU.ActiveCfg = Release|Any CPU
		{C5350C75-66B3-4F0C-B0A0-863FFFD7BDA4}.Release|Any CPU.Build.0 = Release|Any CPU
	EndGlobalSection
	GlobalSection(SolutionProperties) = preSolution
		HideSolutionNode = FALSE
	EndGlobalSection
	GlobalSection(ExtensibilityGlobals) = postSolution
		SolutionGuid = {3FE3CF8A-46E6-4787-B1C4-E6ED157F13C7}
	EndGlobalSection
EndGlobal
